
Microsoft Visual Studio Solution File, Format Version 12.00
# Visual Studio Version 17
VisualStudioVersion = 17.6.33815.320
MinimumVisualStudioVersion = 10.0.40219.1
Project("{9A19103F-16F7-4668-BE54-9A1E7A4F7556}") = "Predictor", "work with forms\Predictor.csproj", "{DD042603-9969-4E30-A8E5-8692450E9ADD}"
EndProject
Project("{54435603-DBB4-11D2-8724-00A0C9A8B90C}") = "Setup", "Setup\Setup.vdproj", "{FD908E4A-835F-4F31-B889-8C8870E25637}"
EndProject
Global
	GlobalSection(SolutionConfigurationPlatforms) = preSolution
		Debug|Any CPU = Debug|Any CPU
		Release|Any CPU = Release|Any CPU
	EndGlobalSection
	GlobalSection(ProjectConfigurationPlatforms) = postSolution
		{DD042603-9969-4E30-A8E5-8692450E9ADD}.Debug|Any CPU.ActiveCfg = Debug|Any CPU
		{DD042603-9969-4E30-A8E5-8692450E9ADD}.Debug|Any CPU.Build.0 = Debug|Any CPU
		{DD042603-9969-4E30-A8E5-8692450E9ADD}.Release|Any CPU.ActiveCfg = Release|Any CPU
		{DD042603-9969-4E30-A8E5-8692450E9ADD}.Release|Any CPU.Build.0 = Release|Any CPU
		{FD908E4A-835F-4F31-B889-8C8870E25637}.Debug|Any CPU.ActiveCfg = Debug
		{FD908E4A-835F-4F31-B889-8C8870E25637}.Release|Any CPU.ActiveCfg = Release
	EndGlobalSection
	GlobalSection(SolutionProperties) = preSolution
		HideSolutionNode = FALSE
	EndGlobalSection
	GlobalSection(ExtensibilityGlobals) = postSolution
		SolutionGuid = {EC7BB49F-2707-4F4D-ABAC-D56C7F5AD989}
	EndGlobalSection
EndGlobal
